
Microsoft Visual Studio Solution File, Format Version 12.00
# Visual Studio Version 17
VisualStudioVersion = 17.4.33403.182
MinimumVisualStudioVersion = 10.0.40219.1
Project("{FAE04EC0-301F-11D3-BF4B-00C04F79EFBC}") = "RegularExpressionTest", "RegularExpressionTest\RegularExpressionTest.csproj", "{77ACD3EC-5664-4ADE-B56E-F8CE4D082874}"
EndProject
Project("{FAE04EC0-301F-11D3-BF4B-00C04F79EFBC}") = "RegularExpressionTestProgram", "RegularExpressionTestProgram\RegularExpressionTestProgram.csproj", "{CAF8F606-A66F-4E85-AA04-0696BC8ACA11}"
EndProject
Global
	GlobalSection(SolutionConfigurationPlatforms) = preSolution
		Debug|Any CPU = Debug|Any CPU
		Release|Any CPU = Release|Any CPU
	EndGlobalSection
	GlobalSection(ProjectConfigurationPlatforms) = postSolution
		{77ACD3EC-5664-4ADE-B56E-F8CE4D082874}.Debug|Any CPU.ActiveCfg = Debug|Any CPU
		{77ACD3EC-5664-4ADE-B56E-F8CE4D082874}.Debug|Any CPU.Build.0 = Debug|Any CPU
		{77ACD3EC-5664-4ADE-B56E-F8CE4D082874}.Release|Any CPU.ActiveCfg = Release|Any CPU
		{77ACD3EC-5664-4ADE-B56E-F8CE4D082874}.Release|Any CPU.Build.0 = Release|Any CPU
		{CAF8F606-A66F-4E85-AA04-0696BC8ACA11}.Debug|Any CPU.ActiveCfg = Debug|Any CPU
		{CAF8F606-A66F-4E85-AA04-0696BC8ACA11}.Debug|Any CPU.Build.0 = Debug|Any CPU
		{CAF8F606-A66F-4E85-AA04-0696BC8ACA11}.Release|Any CPU.ActiveCfg = Release|Any CPU
		{CAF8F606-A66F-4E85-AA04-0696BC8ACA11}.Release|Any CPU.Build.0 = Release|Any CPU
	EndGlobalSection
	GlobalSection(SolutionProperties) = preSolution
		HideSolutionNode = FALSE
	EndGlobalSection
	GlobalSection(ExtensibilityGlobals) = postSolution
		SolutionGuid = {84A17B74-14D8-4121-8847-335011E37C72}
	EndGlobalSection
EndGlobal
